
Microsoft Visual Studio Solution File, Format Version 12.00
# Visual Studio Version 18
VisualStudioVersion = 18.0.11217.181 d18.0
MinimumVisualStudioVersion = 10.0.40219.1
Project("{FAE04EC0-301F-11D3-BF4B-00C04F79EFBC}") = "JordanTouristGuide", "JordanTouristGuide.csproj", "{AAA59CA9-72A6-C617-65C4-559F29A2DECF}"
EndProject
Global
	GlobalSection(SolutionConfigurationPlatforms) = preSolution
		Debug|Any CPU = Debug|Any CPU
		Release|Any CPU = Release|Any CPU
	EndGlobalSection
	GlobalSection(ProjectConfigurationPlatforms) = postSolution
		{AAA59CA9-72A6-C617-65C4-559F29A2DECF}.Debug|Any CPU.ActiveCfg = Debug|Any CPU
		{AAA59CA9-72A6-C617-65C4-559F29A2DECF}.Debug|Any CPU.Build.0 = Debug|Any CPU
		{AAA59CA9-72A6-C617-65C4-559F29A2DECF}.Release|Any CPU.ActiveCfg = Release|Any CPU
		{AAA59CA9-72A6-C617-65C4-559F29A2DECF}.Release|Any CPU.Build.0 = Release|Any CPU
	EndGlobalSection
	GlobalSection(SolutionProperties) = preSolution
		HideSolutionNode = FALSE
	EndGlobalSection
	GlobalSection(ExtensibilityGlobals) = postSolution
		SolutionGuid = {825EE01A-C89C-44CA-8241-13AAC1058CA9}
	EndGlobalSection
EndGlobal
